{
  "name": "VEDA AI",
  "lockfileVersion": 3,
  "requires": true,
  "packages": {
    "": {
      "dependencies": {
        "@openrouter/agent": "^0.11.0"
      }
    },
    "node_modules/@openrouter/agent": {
      "version": "0.11.0",
      "resolved": "https://registry.npmjs.org/@openrouter/agent/-/agent-0.11.0.tgz",
      "integrity": "sha512-8idTYNZ4MjQyNJ2HKMTSmocVgQYajB43xG3rqa7ronK8Xfqx6XnIKvfhtqmAeJTPkhYppVuuQ+DKkMXlVEA+SA==",
      "license": "Apache-2.0",
      "dependencies": {
        "@openrouter/sdk": "^0.13.7",
        "zod": "^4.0.0"
      },
      "peerDependencies": {
        "@modelcontextprotocol/client": "^2.0.0"
      },
      "peerDependenciesMeta": {
        "@modelcontextprotocol/client": {
          "optional": true
        }
      }
    },
    "node_modules/@openrouter/sdk": {
      "version": "0.13.67",
      "resolved": "https://registry.npmjs.org/@openrouter/sdk/-/sdk-0.13.67.tgz",
      "integrity": "sha512-kUVaFYA9Xehq67ndTk98i+tRLfYH/F6xSf/WuC8dsukBzcgBvYQydoeKw4Xe+peXG/wOVtDxukWt5SqzhbloKw==",
      "hasInstallScript": true,
      "license": "Apache-2.0",
      "dependencies": {
        "zod": "^3.25.0 || ^4.0.0"
      }
    },
    "node_modules/zod": {
      "version": "4.4.3",
      "resolved": "https://registry.npmjs.org/zod/-/zod-4.4.3.tgz",
      "integrity": "sha512-ytENFjIJFl2UwYglde2jchW2Hwm4GJFLDiSXWdTrJQBIN9Fcyp7n4DhxJEiWNAJMV1/BqWfW/kkg71UDcHJyTQ==",
      "license": "MIT",
      "funding": {
        "url": "https://github.com/sponsors/colinhacks"
      }
    }
  }
}
